
Microsoft Visual Studio Solution File, Format Version 12.00
# Visual Studio Version 16
VisualStudioVersion = 16.0.34601.136
MinimumVisualStudioVersion = 10.0.40219.1
Project("{FAE04EC0-301F-11D3-BF4B-00C04F79EFBC}") = "Client", "Client\Client.csproj", "{19421AA4-625D-4950-AA9F-75A50EFDDD80}"
EndProject
Project("{FAE04EC0-301F-11D3-BF4B-00C04F79EFBC}") = "Server", "Server\Server.csproj", "{7F8ADF12-F69B-4179-9175-011084C256C2}"
EndProject
Global
	GlobalSection(SolutionConfigurationPlatforms) = preSolution
		Debug|Any CPU = Debug|Any CPU
		Release|Any CPU = Release|Any CPU
	EndGlobalSection
	GlobalSection(ProjectConfigurationPlatforms) = postSolution
		{19421AA4-625D-4950-AA9F-75A50EFDDD80}.Debug|Any CPU.ActiveCfg = Debug|Any CPU
		{19421AA4-625D-4950-AA9F-75A50EFDDD80}.Debug|Any CPU.Build.0 = Debug|Any CPU
		{19421AA4-625D-4950-AA9F-75A50EFDDD80}.Release|Any CPU.ActiveCfg = Release|Any CPU
		{19421AA4-625D-4950-AA9F-75A50EFDDD80}.Release|Any CPU.Build.0 = Release|Any CPU
		{7F8ADF12-F69B-4179-9175-011084C256C2}.Debug|Any CPU.ActiveCfg = Debug|Any CPU
		{7F8ADF12-F69B-4179-9175-011084C256C2}.Debug|Any CPU.Build.0 = Debug|Any CPU
		{7F8ADF12-F69B-4179-9175-011084C256C2}.Release|Any CPU.ActiveCfg = Release|Any CPU
		{7F8ADF12-F69B-4179-9175-011084C256C2}.Release|Any CPU.Build.0 = Release|Any CPU
	EndGlobalSection
	GlobalSection(SolutionProperties) = preSolution
		HideSolutionNode = FALSE
	EndGlobalSection
	GlobalSection(ExtensibilityGlobals) = postSolution
		SolutionGuid = {29E215B1-93D5-4D26-85C7-5AE0A1ECF8BA}
	EndGlobalSection
EndGlobal
